
Microsoft Visual Studio Solution File, Format Version 12.00
# Visual Studio for Mac
Project("{FAE04EC0-301F-11D3-BF4B-00C04F79EFBC}") = "Day2_UserDefinedTarget", "Assembly-CSharp.csproj", "{1A15E013-FF42-E6EA-C228-FCD97AB2BA00}"
EndProject
Project("{FAE04EC0-301F-11D3-BF4B-00C04F79EFBC}") = "Day2_UserDefinedTarget", "Assembly-CSharp-Editor.csproj", "{3E9FF01F-C60C-49E9-62BA-E525DC9CA59F}"
EndProject
Global
	GlobalSection(SolutionConfigurationPlatforms) = preSolution
		Debug|Any CPU = Debug|Any CPU
		Release|Any CPU = Release|Any CPU
	EndGlobalSection
	GlobalSection(ProjectConfigurationPlatforms) = postSolution
		{1A15E013-FF42-E6EA-C228-FCD97AB2BA00}.Debug|Any CPU.ActiveCfg = Debug|Any CPU
		{1A15E013-FF42-E6EA-C228-FCD97AB2BA00}.Debug|Any CPU.Build.0 = Debug|Any CPU
		{1A15E013-FF42-E6EA-C228-FCD97AB2BA00}.Release|Any CPU.ActiveCfg = Release|Any CPU
		{1A15E013-FF42-E6EA-C228-FCD97AB2BA00}.Release|Any CPU.Build.0 = Release|Any CPU
		{3E9FF01F-C60C-49E9-62BA-E525DC9CA59F}.Debug|Any CPU.ActiveCfg = Debug|Any CPU
		{3E9FF01F-C60C-49E9-62BA-E525DC9CA59F}.Debug|Any CPU.Build.0 = Debug|Any CPU
		{3E9FF01F-C60C-49E9-62BA-E525DC9CA59F}.Release|Any CPU.ActiveCfg = Release|Any CPU
		{3E9FF01F-C60C-49E9-62BA-E525DC9CA59F}.Release|Any CPU.Build.0 = Release|Any CPU
	EndGlobalSection
	GlobalSection(SolutionProperties) = preSolution
		HideSolutionNode = FALSE
	EndGlobalSection
EndGlobal
