
Microsoft Visual Studio Solution File, Format Version 12.00
# Visual Studio for Mac
Project("{FAE04EC0-301F-11D3-BF4B-00C04F79EFBC}") = "Day7_ShadowAR", "Assembly-CSharp.csproj", "{E99E2671-715C-7EC7-429A-D666B0D8423D}"
EndProject
Project("{FAE04EC0-301F-11D3-BF4B-00C04F79EFBC}") = "Day7_ShadowAR", "Assembly-CSharp-firstpass.csproj", "{9C5CA390-7E06-9A4D-6FB1-D2D19ABDCC18}"
EndProject
Project("{FAE04EC0-301F-11D3-BF4B-00C04F79EFBC}") = "Day7_ShadowAR", "Assembly-CSharp-Editor.csproj", "{E5DDA36E-0D3E-FEF3-4BCA-4641A5A36B3F}"
EndProject
Global
	GlobalSection(SolutionConfigurationPlatforms) = preSolution
		Debug|Any CPU = Debug|Any CPU
		Release|Any CPU = Release|Any CPU
	EndGlobalSection
	GlobalSection(ProjectConfigurationPlatforms) = postSolution
		{E99E2671-715C-7EC7-429A-D666B0D8423D}.Debug|Any CPU.ActiveCfg = Debug|Any CPU
		{E99E2671-715C-7EC7-429A-D666B0D8423D}.Debug|Any CPU.Build.0 = Debug|Any CPU
		{E99E2671-715C-7EC7-429A-D666B0D8423D}.Release|Any CPU.ActiveCfg = Release|Any CPU
		{E99E2671-715C-7EC7-429A-D666B0D8423D}.Release|Any CPU.Build.0 = Release|Any CPU
		{9C5CA390-7E06-9A4D-6FB1-D2D19ABDCC18}.Debug|Any CPU.ActiveCfg = Debug|Any CPU
		{9C5CA390-7E06-9A4D-6FB1-D2D19ABDCC18}.Debug|Any CPU.Build.0 = Debug|Any CPU
		{9C5CA390-7E06-9A4D-6FB1-D2D19ABDCC18}.Release|Any CPU.ActiveCfg = Release|Any CPU
		{9C5CA390-7E06-9A4D-6FB1-D2D19ABDCC18}.Release|Any CPU.Build.0 = Release|Any CPU
		{E5DDA36E-0D3E-FEF3-4BCA-4641A5A36B3F}.Debug|Any CPU.ActiveCfg = Debug|Any CPU
		{E5DDA36E-0D3E-FEF3-4BCA-4641A5A36B3F}.Debug|Any CPU.Build.0 = Debug|Any CPU
		{E5DDA36E-0D3E-FEF3-4BCA-4641A5A36B3F}.Release|Any CPU.ActiveCfg = Release|Any CPU
		{E5DDA36E-0D3E-FEF3-4BCA-4641A5A36B3F}.Release|Any CPU.Build.0 = Release|Any CPU
	EndGlobalSection
	GlobalSection(SolutionProperties) = preSolution
		HideSolutionNode = FALSE
	EndGlobalSection
EndGlobal
