
Microsoft Visual Studio Solution File, Format Version 12.00
# Visual Studio for Mac
Project("{FAE04EC0-301F-11D3-BF4B-00C04F79EFBC}") = "Day10_GrooundPlanew", "Assembly-CSharp.csproj", "{6BC3D887-6BE4-4A03-E6D3-9BF54506761E}"
EndProject
Project("{FAE04EC0-301F-11D3-BF4B-00C04F79EFBC}") = "Day10_GrooundPlanew", "Assembly-CSharp-Editor.csproj", "{DBCFF000-730A-B6FE-DDEF-57073D8886BB}"
EndProject
Global
	GlobalSection(SolutionConfigurationPlatforms) = preSolution
		Debug|Any CPU = Debug|Any CPU
		Release|Any CPU = Release|Any CPU
	EndGlobalSection
	GlobalSection(ProjectConfigurationPlatforms) = postSolution
		{6BC3D887-6BE4-4A03-E6D3-9BF54506761E}.Debug|Any CPU.ActiveCfg = Debug|Any CPU
		{6BC3D887-6BE4-4A03-E6D3-9BF54506761E}.Debug|Any CPU.Build.0 = Debug|Any CPU
		{6BC3D887-6BE4-4A03-E6D3-9BF54506761E}.Release|Any CPU.ActiveCfg = Release|Any CPU
		{6BC3D887-6BE4-4A03-E6D3-9BF54506761E}.Release|Any CPU.Build.0 = Release|Any CPU
		{DBCFF000-730A-B6FE-DDEF-57073D8886BB}.Debug|Any CPU.ActiveCfg = Debug|Any CPU
		{DBCFF000-730A-B6FE-DDEF-57073D8886BB}.Debug|Any CPU.Build.0 = Debug|Any CPU
		{DBCFF000-730A-B6FE-DDEF-57073D8886BB}.Release|Any CPU.ActiveCfg = Release|Any CPU
		{DBCFF000-730A-B6FE-DDEF-57073D8886BB}.Release|Any CPU.Build.0 = Release|Any CPU
	EndGlobalSection
	GlobalSection(SolutionProperties) = preSolution
		HideSolutionNode = FALSE
	EndGlobalSection
EndGlobal
